// !$*UTF8*$!
{
	archiveVersion = 1;
	classes = {
	};
	objectVersion = 46;
	objects = {

/* Begin PBXAggregateTarget section */
		D7377EEA16ACB924006E50DF /* Compile */ = {
			isa = PBXAggregateTarget;
			buildConfigurationList = D7377EFA16ACB924006E50DF /* Build configuration list for PBXAggregateTarget "Compile" */;
			buildPhases = (
				D7377EE916ACB924006E50DF /* ShellScript */,
			);
			dependencies = (
			);
			name = Compile;
			productName = Compile;
		};
		D7377EEC16ACB924006E50DF /* Upload Duemilanove */ = {
			isa = PBXAggregateTarget;
			buildConfigurationList = D7377EFD16ACB924006E50DF /* Build configuration list for PBXAggregateTarget "Upload Duemilanove" */;
			buildPhases = (
				D7377EEB16ACB924006E50DF /* ShellScript */,
			);
			dependencies = (
			);
			name = "Upload Duemilanove";
			productName = "Upload Duemilanove";
		};
		D7377EEE16ACB924006E50DF /* Upload Uno */ = {
			isa = PBXAggregateTarget;
			buildConfigurationList = D7377F0016ACB924006E50DF /* Build configuration list for PBXAggregateTarget "Upload Uno" */;
			buildPhases = (
				D7377EED16ACB924006E50DF /* ShellScript */,
			);
			dependencies = (
			);
			name = "Upload Uno";
			productName = "Upload Uno";
		};
		D7377EF016ACB924006E50DF /* Upload Nano */ = {
			isa = PBXAggregateTarget;
			buildConfigurationList = D7377F0316ACB924006E50DF /* Build configuration list for PBXAggregateTarget "Upload Nano" */;
			buildPhases = (
				D7377EEF16ACB924006E50DF /* ShellScript */,
			);
			dependencies = (
			);
			name = "Upload Nano";
			productName = "Upload Nano";
		};
		D7377EF216ACB924006E50DF /* Clean */ = {
			isa = PBXAggregateTarget;
			buildConfigurationList = D7377F0616ACB924006E50DF /* Build configuration list for PBXAggregateTarget "Clean" */;
			buildPhases = (
				D7377EF116ACB924006E50DF /* ShellScript */,
			);
			dependencies = (
			);
			name = Clean;
			productName = Clean;
		};
/* End PBXAggregateTarget section */

/* Begin PBXFileReference section */
		D7377EF416ACB924006E50DF /* main.cpp */ = {isa = PBXFileReference; lastKnownFileType = sourcecode.cpp.cpp; path = main.cpp; sourceTree = "<group>"; };
		D7377EF516ACB924006E50DF /* Makefile */ = {isa = PBXFileReference; lastKnownFileType = sourcecode.make; path = Makefile; sourceTree = "<group>"; };
		D7377F0B16ACF79D006E50DF /* ADH8066.cpp */ = {isa = PBXFileReference; lastKnownFileType = sourcecode.cpp.cpp; name = ADH8066.cpp; path = ../../../libraries/ADH8066/ADH8066.cpp; sourceTree = "<group>"; };
		D7377F0C16ACF79D006E50DF /* ADH8066.h */ = {isa = PBXFileReference; lastKnownFileType = sourcecode.c.h; name = ADH8066.h; path = ../../../libraries/ADH8066/ADH8066.h; sourceTree = "<group>"; };
		D7C6AC1816B4C94B0058BBD1 /* ADH8066 AT Commands V16.pdf */ = {isa = PBXFileReference; lastKnownFileType = image.pdf; name = "ADH8066 AT Commands V16.pdf"; path = "Documentation/ADH8066 AT Commands V16.pdf"; sourceTree = "<group>"; };
		D7C6AC1916B4C94B0058BBD1 /* ADH8066 Enhanced AT Command V1.6.pdf */ = {isa = PBXFileReference; lastKnownFileType = image.pdf; name = "ADH8066 Enhanced AT Command V1.6.pdf"; path = "Documentation/ADH8066 Enhanced AT Command V1.6.pdf"; sourceTree = "<group>"; };
		D7C6AC1A16B4C94B0058BBD1 /* ADH8066 Manual V16.pdf */ = {isa = PBXFileReference; lastKnownFileType = image.pdf; name = "ADH8066 Manual V16.pdf"; path = "Documentation/ADH8066 Manual V16.pdf"; sourceTree = "<group>"; };
		D7C6AC1B16B4C94B0058BBD1 /* FTP AT Commands.pdf */ = {isa = PBXFileReference; lastKnownFileType = image.pdf; name = "FTP AT Commands.pdf"; path = "Documentation/FTP AT Commands.pdf"; sourceTree = "<group>"; };
		D7C6AC1C16B4C94B0058BBD1 /* FTP AT Supplemental.pdf */ = {isa = PBXFileReference; lastKnownFileType = image.pdf; name = "FTP AT Supplemental.pdf"; path = "Documentation/FTP AT Supplemental.pdf"; sourceTree = "<group>"; };
		D7C6AC1D16B4C94B0058BBD1 /* GSM-GPRS Software Development Guide.pdf */ = {isa = PBXFileReference; lastKnownFileType = image.pdf; name = "GSM-GPRS Software Development Guide.pdf"; path = "Documentation/GSM-GPRS Software Development Guide.pdf"; sourceTree = "<group>"; };
/* End PBXFileReference section */

/* Begin PBXGroup section */
		D7377EE216ACB924006E50DF = {
			isa = PBXGroup;
			children = (
				D7377EF316ACB924006E50DF /* ADH8066 */,
			);
			sourceTree = "<group>";
		};
		D7377EF316ACB924006E50DF /* ADH8066 */ = {
			isa = PBXGroup;
			children = (
				D7377EF416ACB924006E50DF /* main.cpp */,
				D7377F0C16ACF79D006E50DF /* ADH8066.h */,
				D7377F0B16ACF79D006E50DF /* ADH8066.cpp */,
				D7377EF516ACB924006E50DF /* Makefile */,
				D7377EF616ACB924006E50DF /* Documentation */,
			);
			path = ADH8066;
			sourceTree = "<group>";
		};
		D7377EF616ACB924006E50DF /* Documentation */ = {
			isa = PBXGroup;
			children = (
				D7C6AC1816B4C94B0058BBD1 /* ADH8066 AT Commands V16.pdf */,
				D7C6AC1916B4C94B0058BBD1 /* ADH8066 Enhanced AT Command V1.6.pdf */,
				D7C6AC1A16B4C94B0058BBD1 /* ADH8066 Manual V16.pdf */,
				D7C6AC1B16B4C94B0058BBD1 /* FTP AT Commands.pdf */,
				D7C6AC1C16B4C94B0058BBD1 /* FTP AT Supplemental.pdf */,
				D7C6AC1D16B4C94B0058BBD1 /* GSM-GPRS Software Development Guide.pdf */,
			);
			name = Documentation;
			sourceTree = "<group>";
		};
/* End PBXGroup section */

/* Begin PBXProject section */
		D7377EE416ACB924006E50DF /* Project object */ = {
			isa = PBXProject;
			attributes = {
				LastUpgradeCheck = 0450;
			};
			buildConfigurationList = D7377EE716ACB924006E50DF /* Build configuration list for PBXProject "ADH8066" */;
			compatibilityVersion = "Xcode 3.2";
			developmentRegion = English;
			hasScannedForEncodings = 0;
			knownRegions = (
				en,
			);
			mainGroup = D7377EE216ACB924006E50DF;
			projectDirPath = "";
			projectRoot = "";
			targets = (
				D7377EEA16ACB924006E50DF /* Compile */,
				D7377EEC16ACB924006E50DF /* Upload Duemilanove */,
				D7377EEE16ACB924006E50DF /* Upload Uno */,
				D7377EF016ACB924006E50DF /* Upload Nano */,
				D7377EF216ACB924006E50DF /* Clean */,
			);
		};
/* End PBXProject section */

/* Begin PBXShellScriptBuildPhase section */
		D7377EE916ACB924006E50DF /* ShellScript */ = {
			isa = PBXShellScriptBuildPhase;
			buildActionMask = 2147483647;
			files = (
			);
			inputPaths = (
			);
			outputPaths = (
			);
			runOnlyForDeploymentPostprocessing = 0;
			shellPath = /bin/sh;
			shellScript = "echo '===== BUILDING FILE FOR TARGET UPLOAD ====='\ncd $PROJECT_DIR/$PROJECT_NAME\nmake compile";
		};
		D7377EEB16ACB924006E50DF /* ShellScript */ = {
			isa = PBXShellScriptBuildPhase;
			buildActionMask = 2147483647;
			files = (
			);
			inputPaths = (
			);
			outputPaths = (
			);
			runOnlyForDeploymentPostprocessing = 0;
			shellPath = /bin/sh;
			shellScript = "echo '===== BUILDING FILE FOR TARGET UPLOAD ====='\ncd $PROJECT_DIR/$PROJECT_NAME\nmake BOARD=\"atmega328\" upload";
		};
		D7377EED16ACB924006E50DF /* ShellScript */ = {
			isa = PBXShellScriptBuildPhase;
			buildActionMask = 2147483647;
			files = (
			);
			inputPaths = (
			);
			outputPaths = (
			);
			runOnlyForDeploymentPostprocessing = 0;
			shellPath = /bin/sh;
			shellScript = "echo '===== BUILDING FILE FOR TARGET UPLOAD ====='\ncd $PROJECT_DIR/$PROJECT_NAME\nmake BOARD=\"uno\" upload";
		};
		D7377EEF16ACB924006E50DF /* ShellScript */ = {
			isa = PBXShellScriptBuildPhase;
			buildActionMask = 2147483647;
			files = (
			);
			inputPaths = (
			);
			outputPaths = (
			);
			runOnlyForDeploymentPostprocessing = 0;
			shellPath = /bin/sh;
			shellScript = "echo '===== BUILDING FILE FOR TARGET UPLOAD ====='\ncd $PROJECT_DIR/$PROJECT_NAME\nmake BOARD=\"nano328\" upload";
		};
		D7377EF116ACB924006E50DF /* ShellScript */ = {
			isa = PBXShellScriptBuildPhase;
			buildActionMask = 2147483647;
			files = (
			);
			inputPaths = (
			);
			outputPaths = (
			);
			runOnlyForDeploymentPostprocessing = 0;
			shellPath = /bin/sh;
			shellScript = "echo '===== BUILDING FILE FOR TARGET UPLOAD ====='\ncd $PROJECT_DIR/$PROJECT_NAME\nmake clean";
		};
/* End PBXShellScriptBuildPhase section */

/* Begin XCBuildConfiguration section */
		D7377EF816ACB924006E50DF /* Debug */ = {
			isa = XCBuildConfiguration;
			buildSettings = {
			};
			name = Debug;
		};
		D7377EF916ACB924006E50DF /* Release */ = {
			isa = XCBuildConfiguration;
			buildSettings = {
			};
			name = Release;
		};
		D7377EFB16ACB924006E50DF /* Debug */ = {
			isa = XCBuildConfiguration;
			buildSettings = {
				PRODUCT_NAME = "$(TARGET_NAME)";
			};
			name = Debug;
		};
		D7377EFC16ACB924006E50DF /* Release */ = {
			isa = XCBuildConfiguration;
			buildSettings = {
				PRODUCT_NAME = "$(TARGET_NAME)";
			};
			name = Release;
		};
		D7377EFE16ACB924006E50DF /* Debug */ = {
			isa = XCBuildConfiguration;
			buildSettings = {
				PRODUCT_NAME = "$(TARGET_NAME)";
			};
			name = Debug;
		};
		D7377EFF16ACB924006E50DF /* Release */ = {
			isa = XCBuildConfiguration;
			buildSettings = {
				PRODUCT_NAME = "$(TARGET_NAME)";
			};
			name = Release;
		};
		D7377F0116ACB924006E50DF /* Debug */ = {
			isa = XCBuildConfiguration;
			buildSettings = {
				PRODUCT_NAME = "$(TARGET_NAME)";
			};
			name = Debug;
		};
		D7377F0216ACB924006E50DF /* Release */ = {
			isa = XCBuildConfiguration;
			buildSettings = {
				PRODUCT_NAME = "$(TARGET_NAME)";
			};
			name = Release;
		};
		D7377F0416ACB924006E50DF /* Debug */ = {
			isa = XCBuildConfiguration;
			buildSettings = {
				PRODUCT_NAME = "$(TARGET_NAME)";
			};
			name = Debug;
		};
		D7377F0516ACB924006E50DF /* Release */ = {
			isa = XCBuildConfiguration;
			buildSettings = {
				PRODUCT_NAME = "$(TARGET_NAME)";
			};
			name = Release;
		};
		D7377F0716ACB924006E50DF /* Debug */ = {
			isa = XCBuildConfiguration;
			buildSettings = {
				PRODUCT_NAME = "$(TARGET_NAME)";
			};
			name = Debug;
		};
		D7377F0816ACB924006E50DF /* Release */ = {
			isa = XCBuildConfiguration;
			buildSettings = {
				PRODUCT_NAME = "$(TARGET_NAME)";
			};
			name = Release;
		};
/* End XCBuildConfiguration section */

/* Begin XCConfigurationList section */
		D7377EE716ACB924006E50DF /* Build configuration list for PBXProject "ADH8066" */ = {
			isa = XCConfigurationList;
			buildConfigurations = (
				D7377EF816ACB924006E50DF /* Debug */,
				D7377EF916ACB924006E50DF /* Release */,
			);
			defaultConfigurationIsVisible = 0;
			defaultConfigurationName = Release;
		};
		D7377EFA16ACB924006E50DF /* Build configuration list for PBXAggregateTarget "Compile" */ = {
			isa = XCConfigurationList;
			buildConfigurations = (
				D7377EFB16ACB924006E50DF /* Debug */,
				D7377EFC16ACB924006E50DF /* Release */,
			);
			defaultConfigurationIsVisible = 0;
			defaultConfigurationName = Release;
		};
		D7377EFD16ACB924006E50DF /* Build configuration list for PBXAggregateTarget "Upload Duemilanove" */ = {
			isa = XCConfigurationList;
			buildConfigurations = (
				D7377EFE16ACB924006E50DF /* Debug */,
				D7377EFF16ACB924006E50DF /* Release */,
			);
			defaultConfigurationIsVisible = 0;
			defaultConfigurationName = Release;
		};
		D7377F0016ACB924006E50DF /* Build configuration list for PBXAggregateTarget "Upload Uno" */ = {
			isa = XCConfigurationList;
			buildConfigurations = (
				D7377F0116ACB924006E50DF /* Debug */,
				D7377F0216ACB924006E50DF /* Release */,
			);
			defaultConfigurationIsVisible = 0;
			defaultConfigurationName = Release;
		};
		D7377F0316ACB924006E50DF /* Build configuration list for PBXAggregateTarget "Upload Nano" */ = {
			isa = XCConfigurationList;
			buildConfigurations = (
				D7377F0416ACB924006E50DF /* Debug */,
				D7377F0516ACB924006E50DF /* Release */,
			);
			defaultConfigurationIsVisible = 0;
			defaultConfigurationName = Release;
		};
		D7377F0616ACB924006E50DF /* Build configuration list for PBXAggregateTarget "Clean" */ = {
			isa = XCConfigurationList;
			buildConfigurations = (
				D7377F0716ACB924006E50DF /* Debug */,
				D7377F0816ACB924006E50DF /* Release */,
			);
			defaultConfigurationIsVisible = 0;
			defaultConfigurationName = Release;
		};
/* End XCConfigurationList section */
	};
	rootObject = D7377EE416ACB924006E50DF /* Project object */;
}
